// !$*UTF8*$!
{
	archiveVersion = 1;
	classes = {
	};
	objectVersion = 50;
	objects = {

/* Begin PBXBuildFile section */
		A119A2392287DDE2004D855C /* APIController.swift in Sources */ = {isa = PBXBuildFile; fileRef = A119A2382287DDE2004D855C /* APIController.swift */; };
		A119A23B2287DE83004D855C /* User.swift in Sources */ = {isa = PBXBuildFile; fileRef = A119A23A2287DE83004D855C /* User.swift */; };
		A12F0BFD228BD2AB00D6F555 /* JWTDecode.framework in Frameworks */ = {isa = PBXBuildFile; fileRef = A12F0BFC228BD2AB00D6F555 /* JWTDecode.framework */; };
		A12F0C01228BD41000D6F555 /* JWTDecode.framework in Embed Frameworks */ = {isa = PBXBuildFile; fileRef = A12F0BFF228BD41000D6F555 /* JWTDecode.framework */; settings = {ATTRIBUTES = (CodeSignOnCopy, RemoveHeadersOnCopy, ); }; };
		A12F0C04228BD48600D6F555 /* ErrorMessage.swift in Sources */ = {isa = PBXBuildFile; fileRef = A12F0C03228BD48600D6F555 /* ErrorMessage.swift */; };
		A12F0C06228BD4B200D6F555 /* HTTPMethod.swift in Sources */ = {isa = PBXBuildFile; fileRef = A12F0C05228BD4B200D6F555 /* HTTPMethod.swift */; };
		A12F0C08228BD59100D6F555 /* UserDefaults+extension.swift in Sources */ = {isa = PBXBuildFile; fileRef = A12F0C07228BD59100D6F555 /* UserDefaults+extension.swift */; };
		A12F0C0A228BD5D100D6F555 /* UserDefaultKeys.swift in Sources */ = {isa = PBXBuildFile; fileRef = A12F0C09228BD5D100D6F555 /* UserDefaultKeys.swift */; };
		A1C166152290265C008ECBA0 /* Listing.swift in Sources */ = {isa = PBXBuildFile; fileRef = A1C166142290265C008ECBA0 /* Listing.swift */; };
		A1C1661722902A12008ECBA0 /* Offer.swift in Sources */ = {isa = PBXBuildFile; fileRef = A1C1661622902A12008ECBA0 /* Offer.swift */; };
		E70ADB7F227178A0002B6193 /* AppDelegate.swift in Sources */ = {isa = PBXBuildFile; fileRef = E70ADB7E227178A0002B6193 /* AppDelegate.swift */; };
		E70ADB81227178A0002B6193 /* ViewController.swift in Sources */ = {isa = PBXBuildFile; fileRef = E70ADB80227178A0002B6193 /* ViewController.swift */; };
		E70ADB84227178A0002B6193 /* Main.storyboard in Resources */ = {isa = PBXBuildFile; fileRef = E70ADB82227178A0002B6193 /* Main.storyboard */; };
		E70ADB86227178A2002B6193 /* Assets.xcassets in Resources */ = {isa = PBXBuildFile; fileRef = E70ADB85227178A2002B6193 /* Assets.xcassets */; };
		E70ADB89227178A2002B6193 /* LaunchScreen.storyboard in Resources */ = {isa = PBXBuildFile; fileRef = E70ADB87227178A2002B6193 /* LaunchScreen.storyboard */; };
		E70ADB91227215FD002B6193 /* LoginViewController.swift in Sources */ = {isa = PBXBuildFile; fileRef = E70ADB90227215FD002B6193 /* LoginViewController.swift */; };
		E70ADB9322722679002B6193 /* HomeViewController.swift in Sources */ = {isa = PBXBuildFile; fileRef = E70ADB9222722679002B6193 /* HomeViewController.swift */; };
		E71A3FC7228D3BBF00B60416 /* GoogleService-Info.plist in Resources */ = {isa = PBXBuildFile; fileRef = E71A3FC6228D3BBF00B60416 /* GoogleService-Info.plist */; };
		E71ED02D2290A5B9005879D6 /* Model.swift in Sources */ = {isa = PBXBuildFile; fileRef = E71ED02C2290A5B9005879D6 /* Model.swift */; };
		E71ED02F2290DE27005879D6 /* PhoneTableViewCell.swift in Sources */ = {isa = PBXBuildFile; fileRef = E71ED02E2290DE27005879D6 /* PhoneTableViewCell.swift */; };
		E720A4202276B16700184085 /* FilterViewController.swift in Sources */ = {isa = PBXBuildFile; fileRef = E720A41F2276B16700184085 /* FilterViewController.swift */; };
		E72B4AE622749BD300700577 /* Profile.swift in Sources */ = {isa = PBXBuildFile; fileRef = E72B4AE522749BD300700577 /* Profile.swift */; };
		E7A8B632228DC5C1001D0814 /* PostViewController.swift in Sources */ = {isa = PBXBuildFile; fileRef = E7A8B631228DC5C1001D0814 /* PostViewController.swift */; };
		E7A8B634228DC65F001D0814 /* ListingsViewController.swift in Sources */ = {isa = PBXBuildFile; fileRef = E7A8B633228DC65F001D0814 /* ListingsViewController.swift */; };
		FFC4D044F41BB2E817CBF2D5 /* Pods_TeleSwap.framework in Frameworks */ = {isa = PBXBuildFile; fileRef = D910A5C2D11DE3787BF4CD5D /* Pods_TeleSwap.framework */; };
/* End PBXBuildFile section */

/* Begin PBXCopyFilesBuildPhase section */
		A12F0C02228BD41000D6F555 /* Embed Frameworks */ = {
			isa = PBXCopyFilesBuildPhase;
			buildActionMask = 2147483647;
			dstPath = "";
			dstSubfolderSpec = 10;
			files = (
				A12F0C01228BD41000D6F555 /* JWTDecode.framework in Embed Frameworks */,
			);
			name = "Embed Frameworks";
			runOnlyForDeploymentPostprocessing = 0;
		};
/* End PBXCopyFilesBuildPhase section */

/* Begin PBXFileReference section */
		478A1B388E958AB73A1F0297 /* Pods-TeleSwap.release.xcconfig */ = {isa = PBXFileReference; includeInIndex = 1; lastKnownFileType = text.xcconfig; name = "Pods-TeleSwap.release.xcconfig"; path = "Pods/Target Support Files/Pods-TeleSwap/Pods-TeleSwap.release.xcconfig"; sourceTree = "<group>"; };
		A119A2382287DDE2004D855C /* APIController.swift */ = {isa = PBXFileReference; lastKnownFileType = sourcecode.swift; path = APIController.swift; sourceTree = "<group>"; };
		A119A23A2287DE83004D855C /* User.swift */ = {isa = PBXFileReference; lastKnownFileType = sourcecode.swift; path = User.swift; sourceTree = "<group>"; };
		A12F0BFC228BD2AB00D6F555 /* JWTDecode.framework */ = {isa = PBXFileReference; lastKnownFileType = wrapper.framework; name = JWTDecode.framework; path = Carthage/Build/iOS/JWTDecode.framework; sourceTree = "<group>"; };
		A12F0BFF228BD41000D6F555 /* JWTDecode.framework */ = {isa = PBXFileReference; lastKnownFileType = wrapper.framework; name = JWTDecode.framework; path = Carthage/Build/iOS/JWTDecode.framework; sourceTree = "<group>"; };
		A12F0C03228BD48600D6F555 /* ErrorMessage.swift */ = {isa = PBXFileReference; lastKnownFileType = sourcecode.swift; path = ErrorMessage.swift; sourceTree = "<group>"; };
		A12F0C05228BD4B200D6F555 /* HTTPMethod.swift */ = {isa = PBXFileReference; lastKnownFileType = sourcecode.swift; path = HTTPMethod.swift; sourceTree = "<group>"; };
		A12F0C07228BD59100D6F555 /* UserDefaults+extension.swift */ = {isa = PBXFileReference; lastKnownFileType = sourcecode.swift; path = "UserDefaults+extension.swift"; sourceTree = "<group>"; };
		A12F0C09228BD5D100D6F555 /* UserDefaultKeys.swift */ = {isa = PBXFileReference; lastKnownFileType = sourcecode.swift; path = UserDefaultKeys.swift; sourceTree = "<group>"; };
		A1C166142290265C008ECBA0 /* Listing.swift */ = {isa = PBXFileReference; lastKnownFileType = sourcecode.swift; path = Listing.swift; sourceTree = "<group>"; };
		A1C1661622902A12008ECBA0 /* Offer.swift */ = {isa = PBXFileReference; lastKnownFileType = sourcecode.swift; path = Offer.swift; sourceTree = "<group>"; };
		A6C40D1042229B4FA04C864F /* Pods-TeleSwap.debug.xcconfig */ = {isa = PBXFileReference; includeInIndex = 1; lastKnownFileType = text.xcconfig; name = "Pods-TeleSwap.debug.xcconfig"; path = "Pods/Target Support Files/Pods-TeleSwap/Pods-TeleSwap.debug.xcconfig"; sourceTree = "<group>"; };
		D910A5C2D11DE3787BF4CD5D /* Pods_TeleSwap.framework */ = {isa = PBXFileReference; explicitFileType = wrapper.framework; includeInIndex = 0; path = Pods_TeleSwap.framework; sourceTree = BUILT_PRODUCTS_DIR; };
		E70ADB7B227178A0002B6193 /* TeleSwap.app */ = {isa = PBXFileReference; explicitFileType = wrapper.application; includeInIndex = 0; path = TeleSwap.app; sourceTree = BUILT_PRODUCTS_DIR; };
		E70ADB7E227178A0002B6193 /* AppDelegate.swift */ = {isa = PBXFileReference; lastKnownFileType = sourcecode.swift; path = AppDelegate.swift; sourceTree = "<group>"; };
		E70ADB80227178A0002B6193 /* ViewController.swift */ = {isa = PBXFileReference; lastKnownFileType = sourcecode.swift; path = ViewController.swift; sourceTree = "<group>"; };
		E70ADB83227178A0002B6193 /* Base */ = {isa = PBXFileReference; lastKnownFileType = file.storyboard; name = Base; path = Base.lproj/Main.storyboard; sourceTree = "<group>"; };
		E70ADB85227178A2002B6193 /* Assets.xcassets */ = {isa = PBXFileReference; lastKnownFileType = folder.assetcatalog; path = Assets.xcassets; sourceTree = "<group>"; };
		E70ADB88227178A2002B6193 /* Base */ = {isa = PBXFileReference; lastKnownFileType = file.storyboard; name = Base; path = Base.lproj/LaunchScreen.storyboard; sourceTree = "<group>"; };
		E70ADB8A227178A2002B6193 /* Info.plist */ = {isa = PBXFileReference; lastKnownFileType = text.plist.xml; path = Info.plist; sourceTree = "<group>"; };
		E70ADB90227215FD002B6193 /* LoginViewController.swift */ = {isa = PBXFileReference; lastKnownFileType = sourcecode.swift; path = LoginViewController.swift; sourceTree = "<group>"; };
		E70ADB9222722679002B6193 /* HomeViewController.swift */ = {isa = PBXFileReference; lastKnownFileType = sourcecode.swift; path = HomeViewController.swift; sourceTree = "<group>"; };
		E71A3FC6228D3BBF00B60416 /* GoogleService-Info.plist */ = {isa = PBXFileReference; fileEncoding = 4; lastKnownFileType = text.plist.xml; path = "GoogleService-Info.plist"; sourceTree = "<group>"; };
		E71ED02C2290A5B9005879D6 /* Model.swift */ = {isa = PBXFileReference; lastKnownFileType = sourcecode.swift; path = Model.swift; sourceTree = "<group>"; };
		E71ED02E2290DE27005879D6 /* PhoneTableViewCell.swift */ = {isa = PBXFileReference; lastKnownFileType = sourcecode.swift; path = PhoneTableViewCell.swift; sourceTree = "<group>"; };
		E720A41F2276B16700184085 /* FilterViewController.swift */ = {isa = PBXFileReference; lastKnownFileType = sourcecode.swift; path = FilterViewController.swift; sourceTree = "<group>"; };
		E72B4AE522749BD300700577 /* Profile.swift */ = {isa = PBXFileReference; lastKnownFileType = sourcecode.swift; path = Profile.swift; sourceTree = "<group>"; };
		E7A8B631228DC5C1001D0814 /* PostViewController.swift */ = {isa = PBXFileReference; lastKnownFileType = sourcecode.swift; path = PostViewController.swift; sourceTree = "<group>"; };
		E7A8B633228DC65F001D0814 /* ListingsViewController.swift */ = {isa = PBXFileReference; lastKnownFileType = sourcecode.swift; path = ListingsViewController.swift; sourceTree = "<group>"; };
/* End PBXFileReference section */

/* Begin PBXFrameworksBuildPhase section */
		E70ADB78227178A0002B6193 /* Frameworks */ = {
			isa = PBXFrameworksBuildPhase;
			buildActionMask = 2147483647;
			files = (
				A12F0BFD228BD2AB00D6F555 /* JWTDecode.framework in Frameworks */,
				FFC4D044F41BB2E817CBF2D5 /* Pods_TeleSwap.framework in Frameworks */,
			);
			runOnlyForDeploymentPostprocessing = 0;
		};
/* End PBXFrameworksBuildPhase section */

/* Begin PBXGroup section */
		1BA390C5F9A352C7F6A10C09 /* Pods */ = {
			isa = PBXGroup;
			children = (
				A6C40D1042229B4FA04C864F /* Pods-TeleSwap.debug.xcconfig */,
				478A1B388E958AB73A1F0297 /* Pods-TeleSwap.release.xcconfig */,
			);
			name = Pods;
			sourceTree = "<group>";
		};
		A12F0BFB228BD2AB00D6F555 /* Frameworks */ = {
			isa = PBXGroup;
			children = (
				A12F0BFC228BD2AB00D6F555 /* JWTDecode.framework */,
				D910A5C2D11DE3787BF4CD5D /* Pods_TeleSwap.framework */,
			);
			name = Frameworks;
			sourceTree = "<group>";
		};
		E70ADB72227178A0002B6193 = {
			isa = PBXGroup;
			children = (
				A12F0BFF228BD41000D6F555 /* JWTDecode.framework */,
				E70ADB7D227178A0002B6193 /* TeleSwap */,
				E70ADB7C227178A0002B6193 /* Products */,
				A12F0BFB228BD2AB00D6F555 /* Frameworks */,
				1BA390C5F9A352C7F6A10C09 /* Pods */,
			);
			sourceTree = "<group>";
		};
		E70ADB7C227178A0002B6193 /* Products */ = {
			isa = PBXGroup;
			children = (
				E70ADB7B227178A0002B6193 /* TeleSwap.app */,
			);
			name = Products;
			sourceTree = "<group>";
		};
		E70ADB7D227178A0002B6193 /* TeleSwap */ = {
			isa = PBXGroup;
			children = (
				E7A8B62F228DC40D001D0814 /* View Controllers */,
				E7A8B630228DC417001D0814 /* Delegates */,
				E7A8B62E228DC3FE001D0814 /* Storyboard */,
				E71ED0302290DE43005879D6 /* Custom Cell */,
				E720A41F2276B16700184085 /* FilterViewController.swift */,
				E72B4AE522749BD300700577 /* Profile.swift */,
				E71ED02C2290A5B9005879D6 /* Model.swift */,
				E70ADB85227178A2002B6193 /* Assets.xcassets */,
				E70ADB8A227178A2002B6193 /* Info.plist */,
				A119A2382287DDE2004D855C /* APIController.swift */,
				A119A23A2287DE83004D855C /* User.swift */,
				A12F0C03228BD48600D6F555 /* ErrorMessage.swift */,
				A12F0C05228BD4B200D6F555 /* HTTPMethod.swift */,
				A12F0C07228BD59100D6F555 /* UserDefaults+extension.swift */,
				E71A3FC6228D3BBF00B60416 /* GoogleService-Info.plist */,
				A12F0C09228BD5D100D6F555 /* UserDefaultKeys.swift */,
				A1C166142290265C008ECBA0 /* Listing.swift */,
				A1C1661622902A12008ECBA0 /* Offer.swift */,
			);
			path = TeleSwap;
			sourceTree = "<group>";
		};
		E71ED0302290DE43005879D6 /* Custom Cell */ = {
			isa = PBXGroup;
			children = (
				E71ED02E2290DE27005879D6 /* PhoneTableViewCell.swift */,
			);
			path = "Custom Cell";
			sourceTree = "<group>";
		};
		E7A8B62E228DC3FE001D0814 /* Storyboard */ = {
			isa = PBXGroup;
			children = (
				E70ADB82227178A0002B6193 /* Main.storyboard */,
				E70ADB87227178A2002B6193 /* LaunchScreen.storyboard */,
			);
			path = Storyboard;
			sourceTree = "<group>";
		};
		E7A8B62F228DC40D001D0814 /* View Controllers */ = {
			isa = PBXGroup;
			children = (
				E70ADB9222722679002B6193 /* HomeViewController.swift */,
				E7A8B631228DC5C1001D0814 /* PostViewController.swift */,
				E7A8B633228DC65F001D0814 /* ListingsViewController.swift */,
				E70ADB90227215FD002B6193 /* LoginViewController.swift */,
				E70ADB80227178A0002B6193 /* ViewController.swift */,
			);
			path = "View Controllers";
			sourceTree = "<group>";
		};
		E7A8B630228DC417001D0814 /* Delegates */ = {
			isa = PBXGroup;
			children = (
				E70ADB7E227178A0002B6193 /* AppDelegate.swift */,
			);
			path = Delegates;
			sourceTree = "<group>";
		};
/* End PBXGroup section */

/* Begin PBXNativeTarget section */
		E70ADB7A227178A0002B6193 /* TeleSwap */ = {
			isa = PBXNativeTarget;
			buildConfigurationList = E70ADB8D227178A2002B6193 /* Build configuration list for PBXNativeTarget "TeleSwap" */;
			buildPhases = (
				269D557356534F974A1DF13E /* [CP] Check Pods Manifest.lock */,
				E70ADB77227178A0002B6193 /* Sources */,
				E70ADB78227178A0002B6193 /* Frameworks */,
				E70ADB79227178A0002B6193 /* Resources */,
				A12F0BFE228BD34800D6F555 /* ShellScript */,
				A12F0C02228BD41000D6F555 /* Embed Frameworks */,
				9E0811A108CC5A414B4E79AA /* [CP] Embed Pods Frameworks */,
			);
			buildRules = (
			);
			dependencies = (
			);
			name = TeleSwap;
			productName = TeleSwap;
			productReference = E70ADB7B227178A0002B6193 /* TeleSwap.app */;
			productType = "com.apple.product-type.application";
		};
/* End PBXNativeTarget section */

/* Begin PBXProject section */
		E70ADB73227178A0002B6193 /* Project object */ = {
			isa = PBXProject;
			attributes = {
				LastSwiftUpdateCheck = 1020;
				LastUpgradeCheck = 1020;
				ORGANIZATIONNAME = "Cameron Dunn";
				TargetAttributes = {
					E70ADB7A227178A0002B6193 = {
						CreatedOnToolsVersion = 10.2.1;
					};
				};
			};
			buildConfigurationList = E70ADB76227178A0002B6193 /* Build configuration list for PBXProject "TeleSwap" */;
			compatibilityVersion = "Xcode 9.3";
			developmentRegion = en;
			hasScannedForEncodings = 0;
			knownRegions = (
				en,
				Base,
			);
			mainGroup = E70ADB72227178A0002B6193;
			productRefGroup = E70ADB7C227178A0002B6193 /* Products */;
			projectDirPath = "";
			projectRoot = "";
			targets = (
				E70ADB7A227178A0002B6193 /* TeleSwap */,
			);
		};
/* End PBXProject section */

/* Begin PBXResourcesBuildPhase section */
		E70ADB79227178A0002B6193 /* Resources */ = {
			isa = PBXResourcesBuildPhase;
			buildActionMask = 2147483647;
			files = (
				E70ADB89227178A2002B6193 /* LaunchScreen.storyboard in Resources */,
				E71A3FC7228D3BBF00B60416 /* GoogleService-Info.plist in Resources */,
				E70ADB86227178A2002B6193 /* Assets.xcassets in Resources */,
				E70ADB84227178A0002B6193 /* Main.storyboard in Resources */,
			);
			runOnlyForDeploymentPostprocessing = 0;
		};
/* End PBXResourcesBuildPhase section */

/* Begin PBXShellScriptBuildPhase section */
		269D557356534F974A1DF13E /* [CP] Check Pods Manifest.lock */ = {
			isa = PBXShellScriptBuildPhase;
			buildActionMask = 2147483647;
			files = (
			);
			inputFileListPaths = (
			);
			inputPaths = (
				"${PODS_PODFILE_DIR_PATH}/Podfile.lock",
				"${PODS_ROOT}/Manifest.lock",
			);
			name = "[CP] Check Pods Manifest.lock";
			outputFileListPaths = (
			);
			outputPaths = (
				"$(DERIVED_FILE_DIR)/Pods-TeleSwap-checkManifestLockResult.txt",
			);
			runOnlyForDeploymentPostprocessing = 0;
			shellPath = /bin/sh;
			shellScript = "diff \"${PODS_PODFILE_DIR_PATH}/Podfile.lock\" \"${PODS_ROOT}/Manifest.lock\" > /dev/null\nif [ $? != 0 ] ; then\n    # print error to STDERR\n    echo \"error: The sandbox is not in sync with the Podfile.lock. Run 'pod install' or update your CocoaPods installation.\" >&2\n    exit 1\nfi\n# This output is used by Xcode 'outputs' to avoid re-running this script phase.\necho \"SUCCESS\" > \"${SCRIPT_OUTPUT_FILE_0}\"\n";
			showEnvVarsInLog = 0;
		};
		9E0811A108CC5A414B4E79AA /* [CP] Embed Pods Frameworks */ = {
			isa = PBXShellScriptBuildPhase;
			buildActionMask = 2147483647;
			files = (
			);
			inputFileListPaths = (
			);
			inputPaths = (
				"${SRCROOT}/Pods/Target Support Files/Pods-TeleSwap/Pods-TeleSwap-frameworks.sh",
				"${BUILT_PRODUCTS_DIR}/GoogleUtilities/GoogleUtilities.framework",
				"${BUILT_PRODUCTS_DIR}/nanopb/nanopb.framework",
			);
			name = "[CP] Embed Pods Frameworks";
			outputFileListPaths = (
			);
			outputPaths = (
				"${TARGET_BUILD_DIR}/${FRAMEWORKS_FOLDER_PATH}/GoogleUtilities.framework",
				"${TARGET_BUILD_DIR}/${FRAMEWORKS_FOLDER_PATH}/nanopb.framework",
			);
			runOnlyForDeploymentPostprocessing = 0;
			shellPath = /bin/sh;
			shellScript = "\"${SRCROOT}/Pods/Target Support Files/Pods-TeleSwap/Pods-TeleSwap-frameworks.sh\"\n";
			showEnvVarsInLog = 0;
		};
		A12F0BFE228BD34800D6F555 /* ShellScript */ = {
			isa = PBXShellScriptBuildPhase;
			buildActionMask = 2147483647;
			files = (
			);
			inputFileListPaths = (
			);
			inputPaths = (
				"$(SRCROOT)/Carthage/Build/iOS/JWTDecode.framework",
			);
			outputFileListPaths = (
			);
			outputPaths = (
				"$(DERIVED_FILE_DIR)/Carthage/Build/iOS/JWTDecode.framework",
			);
			runOnlyForDeploymentPostprocessing = 0;
			shellPath = /bin/sh;
			shellScript = "# Type a script or drag a script file from your workspace to insert its path.\n";
		};
/* End PBXShellScriptBuildPhase section */

/* Begin PBXSourcesBuildPhase section */
		E70ADB77227178A0002B6193 /* Sources */ = {
			isa = PBXSourcesBuildPhase;
			buildActionMask = 2147483647;
			files = (
				A119A2392287DDE2004D855C /* APIController.swift in Sources */,
				E720A4202276B16700184085 /* FilterViewController.swift in Sources */,
				E70ADB91227215FD002B6193 /* LoginViewController.swift in Sources */,
				E7A8B632228DC5C1001D0814 /* PostViewController.swift in Sources */,
				E71ED02F2290DE27005879D6 /* PhoneTableViewCell.swift in Sources */,
				E72B4AE622749BD300700577 /* Profile.swift in Sources */,
				A12F0C08228BD59100D6F555 /* UserDefaults+extension.swift in Sources */,
				A12F0C04228BD48600D6F555 /* ErrorMessage.swift in Sources */,
				A1C166152290265C008ECBA0 /* Listing.swift in Sources */,
				A1C1661722902A12008ECBA0 /* Offer.swift in Sources */,
				A119A23B2287DE83004D855C /* User.swift in Sources */,
				E71ED02D2290A5B9005879D6 /* Model.swift in Sources */,
				E70ADB81227178A0002B6193 /* ViewController.swift in Sources */,
				A12F0C0A228BD5D100D6F555 /* UserDefaultKeys.swift in Sources */,
				E70ADB7F227178A0002B6193 /* AppDelegate.swift in Sources */,
				E7A8B634228DC65F001D0814 /* ListingsViewController.swift in Sources */,
				A12F0C06228BD4B200D6F555 /* HTTPMethod.swift in Sources */,
				E70ADB9322722679002B6193 /* HomeViewController.swift in Sources */,
			);
			runOnlyForDeploymentPostprocessing = 0;
		};
/* End PBXSourcesBuildPhase section */

/* Begin PBXVariantGroup section */
		E70ADB82227178A0002B6193 /* Main.storyboard */ = {
			isa = PBXVariantGroup;
			children = (
				E70ADB83227178A0002B6193 /* Base */,
			);
			name = Main.storyboard;
			sourceTree = "<group>";
		};
		E70ADB87227178A2002B6193 /* LaunchScreen.storyboard */ = {
			isa = PBXVariantGroup;
			children = (
				E70ADB88227178A2002B6193 /* Base */,
			);
			name = LaunchScreen.storyboard;
			sourceTree = "<group>";
		};
/* End PBXVariantGroup section */

/* Begin XCBuildConfiguration section */
		E70ADB8B227178A2002B6193 /* Debug */ = {
			isa = XCBuildConfiguration;
			buildSettings = {
				ALWAYS_SEARCH_USER_PATHS = NO;
				CLANG_ANALYZER_NONNULL = YES;
				CLANG_ANALYZER_NUMBER_OBJECT_CONVERSION = YES_AGGRESSIVE;
				CLANG_CXX_LANGUAGE_STANDARD = "gnu++14";
				CLANG_CXX_LIBRARY = "libc++";
				CLANG_ENABLE_MODULES = YES;
				CLANG_ENABLE_OBJC_ARC = YES;
				CLANG_ENABLE_OBJC_WEAK = YES;
				CLANG_WARN_BLOCK_CAPTURE_AUTORELEASING = YES;
				CLANG_WARN_BOOL_CONVERSION = YES;
				CLANG_WARN_COMMA = YES;
				CLANG_WARN_CONSTANT_CONVERSION = YES;
				CLANG_WARN_DEPRECATED_OBJC_IMPLEMENTATIONS = YES;
				CLANG_WARN_DIRECT_OBJC_ISA_USAGE = YES_ERROR;
				CLANG_WARN_DOCUMENTATION_COMMENTS = YES;
				CLANG_WARN_EMPTY_BODY = YES;
				CLANG_WARN_ENUM_CONVERSION = YES;
				CLANG_WARN_INFINITE_RECURSION = YES;
				CLANG_WARN_INT_CONVERSION = YES;
				CLANG_WARN_NON_LITERAL_NULL_CONVERSION = YES;
				CLANG_WARN_OBJC_IMPLICIT_RETAIN_SELF = YES;
				CLANG_WARN_OBJC_LITERAL_CONVERSION = YES;
				CLANG_WARN_OBJC_ROOT_CLASS = YES_ERROR;
				CLANG_WARN_RANGE_LOOP_ANALYSIS = YES;
				CLANG_WARN_STRICT_PROTOTYPES = YES;
				CLANG_WARN_SUSPICIOUS_MOVE = YES;
				CLANG_WARN_UNGUARDED_AVAILABILITY = YES_AGGRESSIVE;
				CLANG_WARN_UNREACHABLE_CODE = YES;
				CLANG_WARN__DUPLICATE_METHOD_MATCH = YES;
				CODE_SIGN_IDENTITY = "iPhone Developer";
				COPY_PHASE_STRIP = NO;
				DEBUG_INFORMATION_FORMAT = dwarf;
				ENABLE_STRICT_OBJC_MSGSEND = YES;
				ENABLE_TESTABILITY = YES;
				GCC_C_LANGUAGE_STANDARD = gnu11;
				GCC_DYNAMIC_NO_PIC = NO;
				GCC_NO_COMMON_BLOCKS = YES;
				GCC_OPTIMIZATION_LEVEL = 0;
				GCC_PREPROCESSOR_DEFINITIONS = (
					"DEBUG=1",
					"$(inherited)",
				);
				GCC_WARN_64_TO_32_BIT_CONVERSION = YES;
				GCC_WARN_ABOUT_RETURN_TYPE = YES_ERROR;
				GCC_WARN_UNDECLARED_SELECTOR = YES;
				GCC_WARN_UNINITIALIZED_AUTOS = YES_AGGRESSIVE;
				GCC_WARN_UNUSED_FUNCTION = YES;
				GCC_WARN_UNUSED_VARIABLE = YES;
				IPHONEOS_DEPLOYMENT_TARGET = 12.2;
				MTL_ENABLE_DEBUG_INFO = INCLUDE_SOURCE;
				MTL_FAST_MATH = YES;
				ONLY_ACTIVE_ARCH = YES;
				SDKROOT = iphoneos;
				SWIFT_ACTIVE_COMPILATION_CONDITIONS = DEBUG;
				SWIFT_OPTIMIZATION_LEVEL = "-Onone";
			};
			name = Debug;
		};
		E70ADB8C227178A2002B6193 /* Release */ = {
			isa = XCBuildConfiguration;
			buildSettings = {
				ALWAYS_SEARCH_USER_PATHS = NO;
				CLANG_ANALYZER_NONNULL = YES;
				CLANG_ANALYZER_NUMBER_OBJECT_CONVERSION = YES_AGGRESSIVE;
				CLANG_CXX_LANGUAGE_STANDARD = "gnu++14";
				CLANG_CXX_LIBRARY = "libc++";
				CLANG_ENABLE_MODULES = YES;
				CLANG_ENABLE_OBJC_ARC = YES;
				CLANG_ENABLE_OBJC_WEAK = YES;
				CLANG_WARN_BLOCK_CAPTURE_AUTORELEASING = YES;
				CLANG_WARN_BOOL_CONVERSION = YES;
				CLANG_WARN_COMMA = YES;
				CLANG_WARN_CONSTANT_CONVERSION = YES;
				CLANG_WARN_DEPRECATED_OBJC_IMPLEMENTATIONS = YES;
				CLANG_WARN_DIRECT_OBJC_ISA_USAGE = YES_ERROR;
				CLANG_WARN_DOCUMENTATION_COMMENTS = YES;
				CLANG_WARN_EMPTY_BODY = YES;
				CLANG_WARN_ENUM_CONVERSION = YES;
				CLANG_WARN_INFINITE_RECURSION = YES;
				CLANG_WARN_INT_CONVERSION = YES;
				CLANG_WARN_NON_LITERAL_NULL_CONVERSION = YES;
				CLANG_WARN_OBJC_IMPLICIT_RETAIN_SELF = YES;
				CLANG_WARN_OBJC_LITERAL_CONVERSION = YES;
				CLANG_WARN_OBJC_ROOT_CLASS = YES_ERROR;
				CLANG_WARN_RANGE_LOOP_ANALYSIS = YES;
				CLANG_WARN_STRICT_PROTOTYPES = YES;
				CLANG_WARN_SUSPICIOUS_MOVE = YES;
				CLANG_WARN_UNGUARDED_AVAILABILITY = YES_AGGRESSIVE;
				CLANG_WARN_UNREACHABLE_CODE = YES;
				CLANG_WARN__DUPLICATE_METHOD_MATCH = YES;
				CODE_SIGN_IDENTITY = "iPhone Developer";
				COPY_PHASE_STRIP = NO;
				DEBUG_INFORMATION_FORMAT = "dwarf-with-dsym";
				ENABLE_NS_ASSERTIONS = NO;
				ENABLE_STRICT_OBJC_MSGSEND = YES;
				GCC_C_LANGUAGE_STANDARD = gnu11;
				GCC_NO_COMMON_BLOCKS = YES;
				GCC_WARN_64_TO_32_BIT_CONVERSION = YES;
				GCC_WARN_ABOUT_RETURN_TYPE = YES_ERROR;
				GCC_WARN_UNDECLARED_SELECTOR = YES;
				GCC_WARN_UNINITIALIZED_AUTOS = YES_AGGRESSIVE;
				GCC_WARN_UNUSED_FUNCTION = YES;
				GCC_WARN_UNUSED_VARIABLE = YES;
				IPHONEOS_DEPLOYMENT_TARGET = 12.2;
				MTL_ENABLE_DEBUG_INFO = NO;
				MTL_FAST_MATH = YES;
				SDKROOT = iphoneos;
				SWIFT_COMPILATION_MODE = wholemodule;
				SWIFT_OPTIMIZATION_LEVEL = "-O";
				VALIDATE_PRODUCT = YES;
			};
			name = Release;
		};
		E70ADB8E227178A2002B6193 /* Debug */ = {
			isa = XCBuildConfiguration;
			baseConfigurationReference = A6C40D1042229B4FA04C864F /* Pods-TeleSwap.debug.xcconfig */;
			buildSettings = {
				ASSETCATALOG_COMPILER_APPICON_NAME = AppIcon;
				CODE_SIGN_STYLE = Automatic;
				DEVELOPMENT_TEAM = TZ89Q545VW;
				FRAMEWORK_SEARCH_PATHS = (
					"$(inherited)",
					"$(PROJECT_DIR)/Carthage/Build/iOS",
				);
				INFOPLIST_FILE = TeleSwap/Info.plist;
				IPHONEOS_DEPLOYMENT_TARGET = 12.2;
				LD_RUNPATH_SEARCH_PATHS = (
					"$(inherited)",
					"@executable_path/Frameworks",
				);
				PRODUCT_BUNDLE_IDENTIFIER = CameronDunn.TeleSwap;
				PRODUCT_NAME = "$(TARGET_NAME)";
				SWIFT_VERSION = 5.0;
				TARGETED_DEVICE_FAMILY = "1,2";
			};
			name = Debug;
		};
		E70ADB8F227178A2002B6193 /* Release */ = {
			isa = XCBuildConfiguration;
			baseConfigurationReference = 478A1B388E958AB73A1F0297 /* Pods-TeleSwap.release.xcconfig */;
			buildSettings = {
				ASSETCATALOG_COMPILER_APPICON_NAME = AppIcon;
				CODE_SIGN_STYLE = Automatic;
				DEVELOPMENT_TEAM = TZ89Q545VW;
				FRAMEWORK_SEARCH_PATHS = (
					"$(inherited)",
					"$(PROJECT_DIR)/Carthage/Build/iOS",
				);
				INFOPLIST_FILE = TeleSwap/Info.plist;
				IPHONEOS_DEPLOYMENT_TARGET = 12.2;
				LD_RUNPATH_SEARCH_PATHS = (
					"$(inherited)",
					"@executable_path/Frameworks",
				);
				PRODUCT_BUNDLE_IDENTIFIER = CameronDunn.TeleSwap;
				PRODUCT_NAME = "$(TARGET_NAME)";
				SWIFT_VERSION = 5.0;
				TARGETED_DEVICE_FAMILY = "1,2";
			};
			name = Release;
		};
/* End XCBuildConfiguration section */

/* Begin XCConfigurationList section */
		E70ADB76227178A0002B6193 /* Build configuration list for PBXProject "TeleSwap" */ = {
			isa = XCConfigurationList;
			buildConfigurations = (
				E70ADB8B227178A2002B6193 /* Debug */,
				E70ADB8C227178A2002B6193 /* Release */,
			);
			defaultConfigurationIsVisible = 0;
			defaultConfigurationName = Release;
		};
		E70ADB8D227178A2002B6193 /* Build configuration list for PBXNativeTarget "TeleSwap" */ = {
			isa = XCConfigurationList;
			buildConfigurations = (
				E70ADB8E227178A2002B6193 /* Debug */,
				E70ADB8F227178A2002B6193 /* Release */,
			);
			defaultConfigurationIsVisible = 0;
			defaultConfigurationName = Release;
		};
/* End XCConfigurationList section */
	};
	rootObject = E70ADB73227178A0002B6193 /* Project object */;
}
